// !$*UTF8*$!
{
	archiveVersion = 1;
	classes = {
	};
	objectVersion = 50;
	objects = {

/* Begin PBXAggregateTarget section */
		CCA9926626CE362D0078583B /* CR */ = {
			isa = PBXAggregateTarget;
			buildConfigurationList = CCA9926726CE362D0078583B /* Build configuration list for PBXAggregateTarget "CR" */;
			buildPhases = (
				CCA9926C26CE36350078583B /* ShellScript */,
			);
			dependencies = (
			);
			name = CR;
			productName = CR;
		};
/* End PBXAggregateTarget section */

/* Begin PBXBuildFile section */
		CCA9924E26CE35C20078583B /* AppDelegate.m in Sources */ = {isa = PBXBuildFile; fileRef = CCA9924D26CE35C20078583B /* AppDelegate.m */; };
		CCA9925126CE35C20078583B /* SceneDelegate.m in Sources */ = {isa = PBXBuildFile; fileRef = CCA9925026CE35C20078583B /* SceneDelegate.m */; };
		CCA9925426CE35C20078583B /* ViewController.m in Sources */ = {isa = PBXBuildFile; fileRef = CCA9925326CE35C20078583B /* ViewController.m */; };
		CCA9925726CE35C20078583B /* Main.storyboard in Resources */ = {isa = PBXBuildFile; fileRef = CCA9925526CE35C20078583B /* Main.storyboard */; };
		CCA9925926CE35CA0078583B /* Assets.xcassets in Resources */ = {isa = PBXBuildFile; fileRef = CCA9925826CE35CA0078583B /* Assets.xcassets */; };
		CCA9925C26CE35CA0078583B /* LaunchScreen.storyboard in Resources */ = {isa = PBXBuildFile; fileRef = CCA9925A26CE35CA0078583B /* LaunchScreen.storyboard */; };
		CCA9925F26CE35CA0078583B /* main.m in Sources */ = {isa = PBXBuildFile; fileRef = CCA9925E26CE35CA0078583B /* main.m */; };
/* End PBXBuildFile section */

/* Begin PBXFileReference section */
		CCA9924926CE35C20078583B /* RuleTest.app */ = {isa = PBXFileReference; explicitFileType = wrapper.application; includeInIndex = 0; path = RuleTest.app; sourceTree = BUILT_PRODUCTS_DIR; };
		CCA9924C26CE35C20078583B /* AppDelegate.h */ = {isa = PBXFileReference; lastKnownFileType = sourcecode.c.h; path = AppDelegate.h; sourceTree = "<group>"; };
		CCA9924D26CE35C20078583B /* AppDelegate.m */ = {isa = PBXFileReference; lastKnownFileType = sourcecode.c.objc; path = AppDelegate.m; sourceTree = "<group>"; };
		CCA9924F26CE35C20078583B /* SceneDelegate.h */ = {isa = PBXFileReference; lastKnownFileType = sourcecode.c.h; path = SceneDelegate.h; sourceTree = "<group>"; };
		CCA9925026CE35C20078583B /* SceneDelegate.m */ = {isa = PBXFileReference; lastKnownFileType = sourcecode.c.objc; path = SceneDelegate.m; sourceTree = "<group>"; };
		CCA9925226CE35C20078583B /* ViewController.h */ = {isa = PBXFileReference; lastKnownFileType = sourcecode.c.h; path = ViewController.h; sourceTree = "<group>"; };
		CCA9925326CE35C20078583B /* ViewController.m */ = {isa = PBXFileReference; lastKnownFileType = sourcecode.c.objc; path = ViewController.m; sourceTree = "<group>"; };
		CCA9925626CE35C20078583B /* Base */ = {isa = PBXFileReference; lastKnownFileType = file.storyboard; name = Base; path = Base.lproj/Main.storyboard; sourceTree = "<group>"; };
		CCA9925826CE35CA0078583B /* Assets.xcassets */ = {isa = PBXFileReference; lastKnownFileType = folder.assetcatalog; path = Assets.xcassets; sourceTree = "<group>"; };
		CCA9925B26CE35CA0078583B /* Base */ = {isa = PBXFileReference; lastKnownFileType = file.storyboard; name = Base; path = Base.lproj/LaunchScreen.storyboard; sourceTree = "<group>"; };
		CCA9925D26CE35CA0078583B /* Info.plist */ = {isa = PBXFileReference; lastKnownFileType = text.plist.xml; path = Info.plist; sourceTree = "<group>"; };
		CCA9925E26CE35CA0078583B /* main.m */ = {isa = PBXFileReference; lastKnownFileType = sourcecode.c.objc; path = main.m; sourceTree = "<group>"; };
/* End PBXFileReference section */

/* Begin PBXFrameworksBuildPhase section */
		CCA9924626CE35C20078583B /* Frameworks */ = {
			isa = PBXFrameworksBuildPhase;
			buildActionMask = 2147483647;
			files = (
			);
			runOnlyForDeploymentPostprocessing = 0;
		};
/* End PBXFrameworksBuildPhase section */

/* Begin PBXGroup section */
		CCA9924026CE35C20078583B = {
			isa = PBXGroup;
			children = (
				CCA9924B26CE35C20078583B /* RuleTest */,
				CCA9924A26CE35C20078583B /* Products */,
			);
			sourceTree = "<group>";
		};
		CCA9924A26CE35C20078583B /* Products */ = {
			isa = PBXGroup;
			children = (
				CCA9924926CE35C20078583B /* RuleTest.app */,
			);
			name = Products;
			sourceTree = "<group>";
		};
		CCA9924B26CE35C20078583B /* RuleTest */ = {
			isa = PBXGroup;
			children = (
				CCA9924C26CE35C20078583B /* AppDelegate.h */,
				CCA9924D26CE35C20078583B /* AppDelegate.m */,
				CCA9924F26CE35C20078583B /* SceneDelegate.h */,
				CCA9925026CE35C20078583B /* SceneDelegate.m */,
				CCA9925226CE35C20078583B /* ViewController.h */,
				CCA9925326CE35C20078583B /* ViewController.m */,
				CCA9925526CE35C20078583B /* Main.storyboard */,
				CCA9925826CE35CA0078583B /* Assets.xcassets */,
				CCA9925A26CE35CA0078583B /* LaunchScreen.storyboard */,
				CCA9925D26CE35CA0078583B /* Info.plist */,
				CCA9925E26CE35CA0078583B /* main.m */,
			);
			path = RuleTest;
			sourceTree = "<group>";
		};
/* End PBXGroup section */

/* Begin PBXNativeTarget section */
		CCA9924826CE35C20078583B /* RuleTest */ = {
			isa = PBXNativeTarget;
			buildConfigurationList = CCA9926226CE35CA0078583B /* Build configuration list for PBXNativeTarget "RuleTest" */;
			buildPhases = (
				CCA9924526CE35C20078583B /* Sources */,
				CCA9924626CE35C20078583B /* Frameworks */,
				CCA9924726CE35C20078583B /* Resources */,
			);
			buildRules = (
			);
			dependencies = (
			);
			name = RuleTest;
			productName = RuleTest;
			productReference = CCA9924926CE35C20078583B /* RuleTest.app */;
			productType = "com.apple.product-type.application";
		};
/* End PBXNativeTarget section */

/* Begin PBXProject section */
		CCA9924126CE35C20078583B /* Project object */ = {
			isa = PBXProject;
			attributes = {
				LastUpgradeCheck = 1230;
				TargetAttributes = {
					CCA9924826CE35C20078583B = {
						CreatedOnToolsVersion = 12.3;
					};
					CCA9926626CE362D0078583B = {
						CreatedOnToolsVersion = 12.3;
					};
				};
			};
			buildConfigurationList = CCA9924426CE35C20078583B /* Build configuration list for PBXProject "RuleTest" */;
			compatibilityVersion = "Xcode 9.3";
			developmentRegion = en;
			hasScannedForEncodings = 0;
			knownRegions = (
				en,
				Base,
			);
			mainGroup = CCA9924026CE35C20078583B;
			productRefGroup = CCA9924A26CE35C20078583B /* Products */;
			projectDirPath = "";
			projectRoot = "";
			targets = (
				CCA9924826CE35C20078583B /* RuleTest */,
				CCA9926626CE362D0078583B /* CR */,
			);
		};
/* End PBXProject section */

/* Begin PBXResourcesBuildPhase section */
		CCA9924726CE35C20078583B /* Resources */ = {
			isa = PBXResourcesBuildPhase;
			buildActionMask = 2147483647;
			files = (
				CCA9925C26CE35CA0078583B /* LaunchScreen.storyboard in Resources */,
				CCA9925926CE35CA0078583B /* Assets.xcassets in Resources */,
				CCA9925726CE35C20078583B /* Main.storyboard in Resources */,
			);
			runOnlyForDeploymentPostprocessing = 0;
		};
/* End PBXResourcesBuildPhase section */

/* Begin PBXShellScriptBuildPhase section */
		CCA9926C26CE36350078583B /* ShellScript */ = {
			isa = PBXShellScriptBuildPhase;
			buildActionMask = 2147483647;
			files = (
			);
			inputFileListPaths = (
			);
			inputPaths = (
			);
			outputFileListPaths = (
			);
			outputPaths = (
			);
			runOnlyForDeploymentPostprocessing = 0;
			shellPath = /bin/sh;
			shellScript = "cd ${SRCROOT}\nsource ~/.zshrc\nrm compile_commands.json\nxcodebuild -project RuleTest.xcodeproj clean && xcodebuild -project RuleTest.xcodeproj -configuration Debug | xcpretty -r json-compilation-database -o compile_commands.json && oclint-json-compilation-database -e Pods -- -report-type xcode\n";
		};
/* End PBXShellScriptBuildPhase section */

/* Begin PBXSourcesBuildPhase section */
		CCA9924526CE35C20078583B /* Sources */ = {
			isa = PBXSourcesBuildPhase;
			buildActionMask = 2147483647;
			files = (
				CCA9925426CE35C20078583B /* ViewController.m in Sources */,
				CCA9924E26CE35C20078583B /* AppDelegate.m in Sources */,
				CCA9925F26CE35CA0078583B /* main.m in Sources */,
				CCA9925126CE35C20078583B /* SceneDelegate.m in Sources */,
			);
			runOnlyForDeploymentPostprocessing = 0;
		};
/* End PBXSourcesBuildPhase section */

/* Begin PBXVariantGroup section */
		CCA9925526CE35C20078583B /* Main.storyboard */ = {
			isa = PBXVariantGroup;
			children = (
				CCA9925626CE35C20078583B /* Base */,
			);
			name = Main.storyboard;
			sourceTree = "<group>";
		};
		CCA9925A26CE35CA0078583B /* LaunchScreen.storyboard */ = {
			isa = PBXVariantGroup;
			children = (
				CCA9925B26CE35CA0078583B /* Base */,
			);
			name = LaunchScreen.storyboard;
			sourceTree = "<group>";
		};
/* End PBXVariantGroup section */

/* Begin XCBuildConfiguration section */
		CCA9926026CE35CA0078583B /* Debug */ = {
			isa = XCBuildConfiguration;
			buildSettings = {
				ALWAYS_SEARCH_USER_PATHS = NO;
				CLANG_ANALYZER_NONNULL = YES;
				CLANG_ANALYZER_NUMBER_OBJECT_CONVERSION = YES_AGGRESSIVE;
				CLANG_CXX_LANGUAGE_STANDARD = "gnu++14";
				CLANG_CXX_LIBRARY = "libc++";
				CLANG_ENABLE_MODULES = YES;
				CLANG_ENABLE_OBJC_ARC = YES;
				CLANG_ENABLE_OBJC_WEAK = YES;
				CLANG_WARN_BLOCK_CAPTURE_AUTORELEASING = YES;
				CLANG_WARN_BOOL_CONVERSION = YES;
				CLANG_WARN_COMMA = YES;
				CLANG_WARN_CONSTANT_CONVERSION = YES;
				CLANG_WARN_DEPRECATED_OBJC_IMPLEMENTATIONS = YES;
				CLANG_WARN_DIRECT_OBJC_ISA_USAGE = YES_ERROR;
				CLANG_WARN_DOCUMENTATION_COMMENTS = YES;
				CLANG_WARN_EMPTY_BODY = YES;
				CLANG_WARN_ENUM_CONVERSION = YES;
				CLANG_WARN_INFINITE_RECURSION = YES;
				CLANG_WARN_INT_CONVERSION = YES;
				CLANG_WARN_NON_LITERAL_NULL_CONVERSION = YES;
				CLANG_WARN_OBJC_IMPLICIT_RETAIN_SELF = YES;
				CLANG_WARN_OBJC_LITERAL_CONVERSION = YES;
				CLANG_WARN_OBJC_ROOT_CLASS = YES_ERROR;
				CLANG_WARN_QUOTED_INCLUDE_IN_FRAMEWORK_HEADER = YES;
				CLANG_WARN_RANGE_LOOP_ANALYSIS = YES;
				CLANG_WARN_STRICT_PROTOTYPES = YES;
				CLANG_WARN_SUSPICIOUS_MOVE = YES;
				CLANG_WARN_UNGUARDED_AVAILABILITY = YES_AGGRESSIVE;
				CLANG_WARN_UNREACHABLE_CODE = YES;
				CLANG_WARN__DUPLICATE_METHOD_MATCH = YES;
				COPY_PHASE_STRIP = NO;
				DEBUG_INFORMATION_FORMAT = dwarf;
				ENABLE_STRICT_OBJC_MSGSEND = YES;
				ENABLE_TESTABILITY = YES;
				GCC_C_LANGUAGE_STANDARD = gnu11;
				GCC_DYNAMIC_NO_PIC = NO;
				GCC_NO_COMMON_BLOCKS = YES;
				GCC_OPTIMIZATION_LEVEL = 0;
				GCC_PREPROCESSOR_DEFINITIONS = (
					"DEBUG=1",
					"$(inherited)",
				);
				GCC_WARN_64_TO_32_BIT_CONVERSION = YES;
				GCC_WARN_ABOUT_RETURN_TYPE = YES_ERROR;
				GCC_WARN_UNDECLARED_SELECTOR = YES;
				GCC_WARN_UNINITIALIZED_AUTOS = YES_AGGRESSIVE;
				GCC_WARN_UNUSED_FUNCTION = YES;
				GCC_WARN_UNUSED_VARIABLE = YES;
				IPHONEOS_DEPLOYMENT_TARGET = 14.3;
				MTL_ENABLE_DEBUG_INFO = INCLUDE_SOURCE;
				MTL_FAST_MATH = YES;
				ONLY_ACTIVE_ARCH = YES;
				SDKROOT = iphoneos;
			};
			name = Debug;
		};
		CCA9926126CE35CA0078583B /* Release */ = {
			isa = XCBuildConfiguration;
			buildSettings = {
				ALWAYS_SEARCH_USER_PATHS = NO;
				CLANG_ANALYZER_NONNULL = YES;
				CLANG_ANALYZER_NUMBER_OBJECT_CONVERSION = YES_AGGRESSIVE;
				CLANG_CXX_LANGUAGE_STANDARD = "gnu++14";
				CLANG_CXX_LIBRARY = "libc++";
				CLANG_ENABLE_MODULES = YES;
				CLANG_ENABLE_OBJC_ARC = YES;
				CLANG_ENABLE_OBJC_WEAK = YES;
				CLANG_WARN_BLOCK_CAPTURE_AUTORELEASING = YES;
				CLANG_WARN_BOOL_CONVERSION = YES;
				CLANG_WARN_COMMA = YES;
				CLANG_WARN_CONSTANT_CONVERSION = YES;
				CLANG_WARN_DEPRECATED_OBJC_IMPLEMENTATIONS = YES;
				CLANG_WARN_DIRECT_OBJC_ISA_USAGE = YES_ERROR;
				CLANG_WARN_DOCUMENTATION_COMMENTS = YES;
				CLANG_WARN_EMPTY_BODY = YES;
				CLANG_WARN_ENUM_CONVERSION = YES;
				CLANG_WARN_INFINITE_RECURSION = YES;
				CLANG_WARN_INT_CONVERSION = YES;
				CLANG_WARN_NON_LITERAL_NULL_CONVERSION = YES;
				CLANG_WARN_OBJC_IMPLICIT_RETAIN_SELF = YES;
				CLANG_WARN_OBJC_LITERAL_CONVERSION = YES;
				CLANG_WARN_OBJC_ROOT_CLASS = YES_ERROR;
				CLANG_WARN_QUOTED_INCLUDE_IN_FRAMEWORK_HEADER = YES;
				CLANG_WARN_RANGE_LOOP_ANALYSIS = YES;
				CLANG_WARN_STRICT_PROTOTYPES = YES;
				CLANG_WARN_SUSPICIOUS_MOVE = YES;
				CLANG_WARN_UNGUARDED_AVAILABILITY = YES_AGGRESSIVE;
				CLANG_WARN_UNREACHABLE_CODE = YES;
				CLANG_WARN__DUPLICATE_METHOD_MATCH = YES;
				COPY_PHASE_STRIP = NO;
				DEBUG_INFORMATION_FORMAT = "dwarf-with-dsym";
				ENABLE_NS_ASSERTIONS = NO;
				ENABLE_STRICT_OBJC_MSGSEND = YES;
				GCC_C_LANGUAGE_STANDARD = gnu11;
				GCC_NO_COMMON_BLOCKS = YES;
				GCC_WARN_64_TO_32_BIT_CONVERSION = YES;
				GCC_WARN_ABOUT_RETURN_TYPE = YES_ERROR;
				GCC_WARN_UNDECLARED_SELECTOR = YES;
				GCC_WARN_UNINITIALIZED_AUTOS = YES_AGGRESSIVE;
				GCC_WARN_UNUSED_FUNCTION = YES;
				GCC_WARN_UNUSED_VARIABLE = YES;
				IPHONEOS_DEPLOYMENT_TARGET = 14.3;
				MTL_ENABLE_DEBUG_INFO = NO;
				MTL_FAST_MATH = YES;
				SDKROOT = iphoneos;
				VALIDATE_PRODUCT = YES;
			};
			name = Release;
		};
		CCA9926326CE35CA0078583B /* Debug */ = {
			isa = XCBuildConfiguration;
			buildSettings = {
				ASSETCATALOG_COMPILER_APPICON_NAME = AppIcon;
				ASSETCATALOG_COMPILER_GLOBAL_ACCENT_COLOR_NAME = AccentColor;
				CODE_SIGN_IDENTITY = "Apple Development";
				CODE_SIGN_STYLE = Automatic;
				DEVELOPMENT_TEAM = VR2SEUVSU3;
				INFOPLIST_FILE = RuleTest/Info.plist;
				LD_RUNPATH_SEARCH_PATHS = (
					"$(inherited)",
					"@executable_path/Frameworks",
				);
				PRODUCT_BUNDLE_IDENTIFIER = com.ec.OCRuleTest;
				PRODUCT_NAME = "$(TARGET_NAME)";
				PROVISIONING_PROFILE_SPECIFIER = "";
				TARGETED_DEVICE_FAMILY = "1,2";
			};
			name = Debug;
		};
		CCA9926426CE35CA0078583B /* Release */ = {
			isa = XCBuildConfiguration;
			buildSettings = {
				ASSETCATALOG_COMPILER_APPICON_NAME = AppIcon;
				ASSETCATALOG_COMPILER_GLOBAL_ACCENT_COLOR_NAME = AccentColor;
				CODE_SIGN_IDENTITY = "Apple Development";
				CODE_SIGN_STYLE = Automatic;
				DEVELOPMENT_TEAM = VR2SEUVSU3;
				INFOPLIST_FILE = RuleTest/Info.plist;
				LD_RUNPATH_SEARCH_PATHS = (
					"$(inherited)",
					"@executable_path/Frameworks",
				);
				PRODUCT_BUNDLE_IDENTIFIER = com.ec.OCRuleTest;
				PRODUCT_NAME = "$(TARGET_NAME)";
				PROVISIONING_PROFILE_SPECIFIER = "";
				TARGETED_DEVICE_FAMILY = "1,2";
			};
			name = Release;
		};
		CCA9926826CE362D0078583B /* Debug */ = {
			isa = XCBuildConfiguration;
			buildSettings = {
				CODE_SIGN_STYLE = Automatic;
				PRODUCT_NAME = "$(TARGET_NAME)";
			};
			name = Debug;
		};
		CCA9926926CE362D0078583B /* Release */ = {
			isa = XCBuildConfiguration;
			buildSettings = {
				CODE_SIGN_STYLE = Automatic;
				PRODUCT_NAME = "$(TARGET_NAME)";
			};
			name = Release;
		};
/* End XCBuildConfiguration section */

/* Begin XCConfigurationList section */
		CCA9924426CE35C20078583B /* Build configuration list for PBXProject "RuleTest" */ = {
			isa = XCConfigurationList;
			buildConfigurations = (
				CCA9926026CE35CA0078583B /* Debug */,
				CCA9926126CE35CA0078583B /* Release */,
			);
			defaultConfigurationIsVisible = 0;
			defaultConfigurationName = Release;
		};
		CCA9926226CE35CA0078583B /* Build configuration list for PBXNativeTarget "RuleTest" */ = {
			isa = XCConfigurationList;
			buildConfigurations = (
				CCA9926326CE35CA0078583B /* Debug */,
				CCA9926426CE35CA0078583B /* Release */,
			);
			defaultConfigurationIsVisible = 0;
			defaultConfigurationName = Release;
		};
		CCA9926726CE362D0078583B /* Build configuration list for PBXAggregateTarget "CR" */ = {
			isa = XCConfigurationList;
			buildConfigurations = (
				CCA9926826CE362D0078583B /* Debug */,
				CCA9926926CE362D0078583B /* Release */,
			);
			defaultConfigurationIsVisible = 0;
			defaultConfigurationName = Release;
		};
/* End XCConfigurationList section */
	};
	rootObject = CCA9924126CE35C20078583B /* Project object */;
}
